
Microsoft Visual Studio Solution File, Format Version 12.00
# Visual Studio Version 17
VisualStudioVersion = 17.14.36401.2 d17.14
MinimumVisualStudioVersion = 10.0.40219.1
Project("{FAE04EC0-301F-11D3-BF4B-00C04F79EFBC}") = "GestaoOficinas.Domain", "GestaoOficinas.Domain\GestaoOficinas.Domain.csproj", "{105439C7-1BE2-400D-8BB5-5E40D1C0784D}"
EndProject
Project("{FAE04EC0-301F-11D3-BF4B-00C04F79EFBC}") = "GestaoOficinas.Application", "GestaoOficinas.Application\GestaoOficinas.Application.csproj", "{6A91DE3B-A4D1-4CB3-A71E-D8B246524122}"
EndProject
Project("{FAE04EC0-301F-11D3-BF4B-00C04F79EFBC}") = "GestaoOficinas.Infrastructure", "GestaoOficinas.Infrastructure\GestaoOficinas.Infrastructure.csproj", "{79166D66-E073-40E6-A4D2-3B98FC73DAFE}"
EndProject
Project("{FAE04EC0-301F-11D3-BF4B-00C04F79EFBC}") = "GestaoOficinas.API", "GestaoOficinas.API\GestaoOficinas.API.csproj", "{71AE72F8-E0DB-4BE3-A348-7EC66CEF7014}"
EndProject
Global
	GlobalSection(SolutionConfigurationPlatforms) = preSolution
		Debug|Any CPU = Debug|Any CPU
		Release|Any CPU = Release|Any CPU
	EndGlobalSection
	GlobalSection(ProjectConfigurationPlatforms) = postSolution
		{105439C7-1BE2-400D-8BB5-5E40D1C0784D}.Debug|Any CPU.ActiveCfg = Debug|Any CPU
		{105439C7-1BE2-400D-8BB5-5E40D1C0784D}.Debug|Any CPU.Build.0 = Debug|Any CPU
		{105439C7-1BE2-400D-8BB5-5E40D1C0784D}.Release|Any CPU.ActiveCfg = Release|Any CPU
		{105439C7-1BE2-400D-8BB5-5E40D1C0784D}.Release|Any CPU.Build.0 = Release|Any CPU
		{6A91DE3B-A4D1-4CB3-A71E-D8B246524122}.Debug|Any CPU.ActiveCfg = Debug|Any CPU
		{6A91DE3B-A4D1-4CB3-A71E-D8B246524122}.Debug|Any CPU.Build.0 = Debug|Any CPU
		{6A91DE3B-A4D1-4CB3-A71E-D8B246524122}.Release|Any CPU.ActiveCfg = Release|Any CPU
		{6A91DE3B-A4D1-4CB3-A71E-D8B246524122}.Release|Any CPU.Build.0 = Release|Any CPU
		{79166D66-E073-40E6-A4D2-3B98FC73DAFE}.Debug|Any CPU.ActiveCfg = Debug|Any CPU
		{79166D66-E073-40E6-A4D2-3B98FC73DAFE}.Debug|Any CPU.Build.0 = Debug|Any CPU
		{79166D66-E073-40E6-A4D2-3B98FC73DAFE}.Release|Any CPU.ActiveCfg = Release|Any CPU
		{79166D66-E073-40E6-A4D2-3B98FC73DAFE}.Release|Any CPU.Build.0 = Release|Any CPU
		{71AE72F8-E0DB-4BE3-A348-7EC66CEF7014}.Debug|Any CPU.ActiveCfg = Debug|Any CPU
		{71AE72F8-E0DB-4BE3-A348-7EC66CEF7014}.Debug|Any CPU.Build.0 = Debug|Any CPU
		{71AE72F8-E0DB-4BE3-A348-7EC66CEF7014}.Release|Any CPU.ActiveCfg = Release|Any CPU
		{71AE72F8-E0DB-4BE3-A348-7EC66CEF7014}.Release|Any CPU.Build.0 = Release|Any CPU
	EndGlobalSection
	GlobalSection(SolutionProperties) = preSolution
		HideSolutionNode = FALSE
	EndGlobalSection
	GlobalSection(ExtensibilityGlobals) = postSolution
		SolutionGuid = {FFC47D0D-C6A2-4300-AD14-8BDF857F6852}
	EndGlobalSection
EndGlobal
